PODS:
  - TapAdditionsKitV2 (0.0.17):
    - TapSwiftFixesV2
  - TapAlertViewControllerV2 (0.0.3):
    - TapAdditionsKitV2
    - TapVisualEffectViewV2
  - TapApplicationV2 (0.0.3):
    - TapAdditionsKitV2
  - TapBundleLocalizationV2 (0.0.3)
  - TapNetworkManagerV2 (0.0.6):
    - TapAdditionsKitV2
  - TapNibViewV2 (0.0.3):
    - TapAdditionsKitV2
  - TapSwiftFixesV2 (1.0.3):
    - TapSwiftFixesV2/CoreGraphics (= 1.0.3)
    - TapSwiftFixesV2/Exceptions (= 1.0.3)
    - TapSwiftFixesV2/Threading (= 1.0.3)
  - TapSwiftFixesV2/CoreGraphics (1.0.3)
  - TapSwiftFixesV2/Exceptions (1.0.3)
  - TapSwiftFixesV2/Threading (1.0.3)
  - TapVisualEffectViewV2 (0.0.4):
    - TapAdditionsKitV2
    - TapNibViewV2

DEPENDENCIES:
  - TapAdditionsKitV2
  - TapAlertViewControllerV2
  - TapApplicationV2
  - TapBundleLocalizationV2
  - TapNetworkManagerV2

SPEC REPOS:
  trunk:
    - TapAdditionsKitV2
    - TapAlertViewControllerV2
    - TapApplicationV2
    - TapBundleLocalizationV2
    - TapNetworkManagerV2
    - TapNibViewV2
    - TapSwiftFixesV2
    - TapVisualEffectViewV2

SPEC CHECKSUMS:
  TapAdditionsKitV2: 0bb217062d4df1db86b339e7693283b293b0ccff
  TapAlertViewControllerV2: ac8bf77da5abffb8fdb2e3657bdb22cce55b8c37
  TapApplicationV2: a5e256888515be65654f048605bfb871a5ad53a9
  TapBundleLocalizationV2: 282e5a0ebfd08b502ec2ba22dde8da2de7340110
  TapNetworkManagerV2: 73a80838e7a30bd05e1030ff4b751421f14774a6
  TapNibViewV2: a6df9bfe0a36dfa9039b8200f2921dd5f66874c5
  TapSwiftFixesV2: ea726f752b6259d9e44624039fd6bad94b2a8633
  TapVisualEffectViewV2: bc2b3b718acc3c1298ce7d21985633941d986345

PODFILE CHECKSUM: 9ff026255fbf618757fb0f5af7e7b5a0a506fd83

COCOAPODS: 1.12.1
